
Microsoft Visual Studio Solution File, Format Version 12.00
# Visual Studio Version 16
VisualStudioVersion = 16.0.31205.134
MinimumVisualStudioVersion = 10.0.40219.1
Project("{FAE04EC0-301F-11D3-BF4B-00C04F79EFBC}") = "SuperCalc", "SuperCalc.csproj", "{498C09FE-E2C5-472C-8AAC-ED019F337EE9}"
EndProject
Global
	GlobalSection(SolutionConfigurationPlatforms) = preSolution
		Debug|Any CPU = Debug|Any CPU
		Release|Any CPU = Release|Any CPU
	EndGlobalSection
	GlobalSection(ProjectConfigurationPlatforms) = postSolution
		{498C09FE-E2C5-472C-8AAC-ED019F337EE9}.Debug|Any CPU.ActiveCfg = Debug|Any CPU
		{498C09FE-E2C5-472C-8AAC-ED019F337EE9}.Debug|Any CPU.Build.0 = Debug|Any CPU
		{498C09FE-E2C5-472C-8AAC-ED019F337EE9}.Release|Any CPU.ActiveCfg = Release|Any CPU
		{498C09FE-E2C5-472C-8AAC-ED019F337EE9}.Release|Any CPU.Build.0 = Release|Any CPU
	EndGlobalSection
	GlobalSection(SolutionProperties) = preSolution
		HideSolutionNode = FALSE
	EndGlobalSection
	GlobalSection(ExtensibilityGlobals) = postSolution
		SolutionGuid = {DC710B86-FFF6-482E-BB0A-E7C222FC5B98}
	EndGlobalSection
EndGlobal
